// !$*UTF8*$!
{
	archiveVersion = 1;
	classes = {
	};
	objectVersion = 50;
	objects = {

/* Begin PBXBuildFile section */
		2DC65FDC209F046F007DD144 /* AppDelegate.swift in Sources */ = {isa = PBXBuildFile; fileRef = 2DC65FDB209F046F007DD144 /* AppDelegate.swift */; };
		2DC65FDE209F046F007DD144 /* ListMoviesViewController.swift in Sources */ = {isa = PBXBuildFile; fileRef = 2DC65FDD209F046F007DD144 /* ListMoviesViewController.swift */; };
		2DC65FE1209F046F007DD144 /* ListMovies.storyboard in Resources */ = {isa = PBXBuildFile; fileRef = 2DC65FDF209F046F007DD144 /* ListMovies.storyboard */; };
		2DC65FE3209F0471007DD144 /* Assets.xcassets in Resources */ = {isa = PBXBuildFile; fileRef = 2DC65FE2209F0471007DD144 /* Assets.xcassets */; };
		2DC65FE6209F0471007DD144 /* LaunchScreen.storyboard in Resources */ = {isa = PBXBuildFile; fileRef = 2DC65FE4209F0471007DD144 /* LaunchScreen.storyboard */; };
		2DC65FEF209F0498007DD144 /* Constants.swift in Sources */ = {isa = PBXBuildFile; fileRef = 2DC65FEE209F0498007DD144 /* Constants.swift */; };
		2DC65FF2209F04AD007DD144 /* Movie.swift in Sources */ = {isa = PBXBuildFile; fileRef = 2DC65FF1209F04AD007DD144 /* Movie.swift */; };
		2DC65FF5209F04C6007DD144 /* NetworkManager.swift in Sources */ = {isa = PBXBuildFile; fileRef = 2DC65FF4209F04C6007DD144 /* NetworkManager.swift */; };
/* End PBXBuildFile section */

/* Begin PBXFileReference section */
		2DC65FD8209F046F007DD144 /* TMDBTest.app */ = {isa = PBXFileReference; explicitFileType = wrapper.application; includeInIndex = 0; path = TMDBTest.app; sourceTree = BUILT_PRODUCTS_DIR; };
		2DC65FDB209F046F007DD144 /* AppDelegate.swift */ = {isa = PBXFileReference; lastKnownFileType = sourcecode.swift; path = AppDelegate.swift; sourceTree = "<group>"; };
		2DC65FDD209F046F007DD144 /* ListMoviesViewController.swift */ = {isa = PBXFileReference; lastKnownFileType = sourcecode.swift; path = ListMoviesViewController.swift; sourceTree = "<group>"; };
		2DC65FE0209F046F007DD144 /* Base */ = {isa = PBXFileReference; lastKnownFileType = file.storyboard; name = Base; path = Base.lproj/ListMovies.storyboard; sourceTree = "<group>"; };
		2DC65FE2209F0471007DD144 /* Assets.xcassets */ = {isa = PBXFileReference; lastKnownFileType = folder.assetcatalog; path = Assets.xcassets; sourceTree = "<group>"; };
		2DC65FE5209F0471007DD144 /* Base */ = {isa = PBXFileReference; lastKnownFileType = file.storyboard; name = Base; path = Base.lproj/LaunchScreen.storyboard; sourceTree = "<group>"; };
		2DC65FE7209F0471007DD144 /* Info.plist */ = {isa = PBXFileReference; lastKnownFileType = text.plist.xml; path = Info.plist; sourceTree = "<group>"; };
		2DC65FEE209F0498007DD144 /* Constants.swift */ = {isa = PBXFileReference; lastKnownFileType = sourcecode.swift; path = Constants.swift; sourceTree = "<group>"; };
		2DC65FF1209F04AD007DD144 /* Movie.swift */ = {isa = PBXFileReference; lastKnownFileType = sourcecode.swift; path = Movie.swift; sourceTree = "<group>"; };
		2DC65FF4209F04C6007DD144 /* NetworkManager.swift */ = {isa = PBXFileReference; lastKnownFileType = sourcecode.swift; path = NetworkManager.swift; sourceTree = "<group>"; };
/* End PBXFileReference section */

/* Begin PBXFrameworksBuildPhase section */
		2DC65FD5209F046F007DD144 /* Frameworks */ = {
			isa = PBXFrameworksBuildPhase;
			buildActionMask = 2147483647;
			files = (
			);
			runOnlyForDeploymentPostprocessing = 0;
		};
/* End PBXFrameworksBuildPhase section */

/* Begin PBXGroup section */
		2DC65FCF209F046F007DD144 = {
			isa = PBXGroup;
			children = (
				2DC65FDA209F046F007DD144 /* TMDBTest */,
				2DC65FD9209F046F007DD144 /* Products */,
			);
			sourceTree = "<group>";
		};
		2DC65FD9209F046F007DD144 /* Products */ = {
			isa = PBXGroup;
			children = (
				2DC65FD8209F046F007DD144 /* TMDBTest.app */,
			);
			name = Products;
			sourceTree = "<group>";
		};
		2DC65FDA209F046F007DD144 /* TMDBTest */ = {
			isa = PBXGroup;
			children = (
				2DC65FF6209F04CC007DD144 /* UserStories */,
				2DC65FF3209F04B7007DD144 /* Network */,
				2DC65FF0209F04A3007DD144 /* Model */,
				2DC65FED209F0487007DD144 /* Utils */,
				2DC65FDB209F046F007DD144 /* AppDelegate.swift */,
				2DC65FE2209F0471007DD144 /* Assets.xcassets */,
				2DC65FE4209F0471007DD144 /* LaunchScreen.storyboard */,
				2DC65FE7209F0471007DD144 /* Info.plist */,
			);
			path = TMDBTest;
			sourceTree = "<group>";
		};
		2DC65FED209F0487007DD144 /* Utils */ = {
			isa = PBXGroup;
			children = (
				2DC65FEE209F0498007DD144 /* Constants.swift */,
			);
			path = Utils;
			sourceTree = "<group>";
		};
		2DC65FF0209F04A3007DD144 /* Model */ = {
			isa = PBXGroup;
			children = (
				2DC65FF1209F04AD007DD144 /* Movie.swift */,
			);
			path = Model;
			sourceTree = "<group>";
		};
		2DC65FF3209F04B7007DD144 /* Network */ = {
			isa = PBXGroup;
			children = (
				2DC65FF4209F04C6007DD144 /* NetworkManager.swift */,
			);
			path = Network;
			sourceTree = "<group>";
		};
		2DC65FF6209F04CC007DD144 /* UserStories */ = {
			isa = PBXGroup;
			children = (
				2DC65FF7209F04DC007DD144 /* 1.ListMovies */,
			);
			path = UserStories;
			sourceTree = "<group>";
		};
		2DC65FF7209F04DC007DD144 /* 1.ListMovies */ = {
			isa = PBXGroup;
			children = (
				2DC65FDD209F046F007DD144 /* ListMoviesViewController.swift */,
				2DC65FDF209F046F007DD144 /* ListMovies.storyboard */,
			);
			path = 1.ListMovies;
			sourceTree = "<group>";
		};
/* End PBXGroup section */

/* Begin PBXNativeTarget section */
		2DC65FD7209F046F007DD144 /* TMDBTest */ = {
			isa = PBXNativeTarget;
			buildConfigurationList = 2DC65FEA209F0471007DD144 /* Build configuration list for PBXNativeTarget "TMDBTest" */;
			buildPhases = (
				2DC65FD4209F046F007DD144 /* Sources */,
				2DC65FD5209F046F007DD144 /* Frameworks */,
				2DC65FD6209F046F007DD144 /* Resources */,
			);
			buildRules = (
			);
			dependencies = (
			);
			name = TMDBTest;
			productName = TMDBTest;
			productReference = 2DC65FD8209F046F007DD144 /* TMDBTest.app */;
			productType = "com.apple.product-type.application";
		};
/* End PBXNativeTarget section */

/* Begin PBXProject section */
		2DC65FD0209F046F007DD144 /* Project object */ = {
			isa = PBXProject;
			attributes = {
				LastSwiftUpdateCheck = 0930;
				LastUpgradeCheck = 0930;
				ORGANIZATIONNAME = "David Miguel Martinez";
				TargetAttributes = {
					2DC65FD7209F046F007DD144 = {
						CreatedOnToolsVersion = 9.3;
					};
				};
			};
			buildConfigurationList = 2DC65FD3209F046F007DD144 /* Build configuration list for PBXProject "TMDBTest" */;
			compatibilityVersion = "Xcode 9.3";
			developmentRegion = en;
			hasScannedForEncodings = 0;
			knownRegions = (
				en,
				Base,
			);
			mainGroup = 2DC65FCF209F046F007DD144;
			productRefGroup = 2DC65FD9209F046F007DD144 /* Products */;
			projectDirPath = "";
			projectRoot = "";
			targets = (
				2DC65FD7209F046F007DD144 /* TMDBTest */,
			);
		};
/* End PBXProject section */

/* Begin PBXResourcesBuildPhase section */
		2DC65FD6209F046F007DD144 /* Resources */ = {
			isa = PBXResourcesBuildPhase;
			buildActionMask = 2147483647;
			files = (
				2DC65FE6209F0471007DD144 /* LaunchScreen.storyboard in Resources */,
				2DC65FE3209F0471007DD144 /* Assets.xcassets in Resources */,
				2DC65FE1209F046F007DD144 /* ListMovies.storyboard in Resources */,
			);
			runOnlyForDeploymentPostprocessing = 0;
		};
/* End PBXResourcesBuildPhase section */

/* Begin PBXSourcesBuildPhase section */
		2DC65FD4209F046F007DD144 /* Sources */ = {
			isa = PBXSourcesBuildPhase;
			buildActionMask = 2147483647;
			files = (
				2DC65FDE209F046F007DD144 /* ListMoviesViewController.swift in Sources */,
				2DC65FDC209F046F007DD144 /* AppDelegate.swift in Sources */,
				2DC65FF5209F04C6007DD144 /* NetworkManager.swift in Sources */,
				2DC65FF2209F04AD007DD144 /* Movie.swift in Sources */,
				2DC65FEF209F0498007DD144 /* Constants.swift in Sources */,
			);
			runOnlyForDeploymentPostprocessing = 0;
		};
/* End PBXSourcesBuildPhase section */

/* Begin PBXVariantGroup section */
		2DC65FDF209F046F007DD144 /* ListMovies.storyboard */ = {
			isa = PBXVariantGroup;
			children = (
				2DC65FE0209F046F007DD144 /* Base */,
			);
			name = ListMovies.storyboard;
			sourceTree = "<group>";
		};
		2DC65FE4209F0471007DD144 /* LaunchScreen.storyboard */ = {
			isa = PBXVariantGroup;
			children = (
				2DC65FE5209F0471007DD144 /* Base */,
			);
			name = LaunchScreen.storyboard;
			sourceTree = "<group>";
		};
/* End PBXVariantGroup section */

/* Begin XCBuildConfiguration section */
		2DC65FE8209F0471007DD144 /* Debug */ = {
			isa = XCBuildConfiguration;
			buildSettings = {
				ALWAYS_SEARCH_USER_PATHS = NO;
				CLANG_ANALYZER_NONNULL = YES;
				CLANG_ANALYZER_NUMBER_OBJECT_CONVERSION = YES_AGGRESSIVE;
				CLANG_CXX_LANGUAGE_STANDARD = "gnu++14";
				CLANG_CXX_LIBRARY = "libc++";
				CLANG_ENABLE_MODULES = YES;
				CLANG_ENABLE_OBJC_ARC = YES;
				CLANG_ENABLE_OBJC_WEAK = YES;
				CLANG_WARN_BLOCK_CAPTURE_AUTORELEASING = YES;
				CLANG_WARN_BOOL_CONVERSION = YES;
				CLANG_WARN_COMMA = YES;
				CLANG_WARN_CONSTANT_CONVERSION = YES;
				CLANG_WARN_DEPRECATED_OBJC_IMPLEMENTATIONS = YES;
				CLANG_WARN_DIRECT_OBJC_ISA_USAGE = YES_ERROR;
				CLANG_WARN_DOCUMENTATION_COMMENTS = YES;
				CLANG_WARN_EMPTY_BODY = YES;
				CLANG_WARN_ENUM_CONVERSION = YES;
				CLANG_WARN_INFINITE_RECURSION = YES;
				CLANG_WARN_INT_CONVERSION = YES;
				CLANG_WARN_NON_LITERAL_NULL_CONVERSION = YES;
				CLANG_WARN_OBJC_IMPLICIT_RETAIN_SELF = YES;
				CLANG_WARN_OBJC_LITERAL_CONVERSION = YES;
				CLANG_WARN_OBJC_ROOT_CLASS = YES_ERROR;
				CLANG_WARN_RANGE_LOOP_ANALYSIS = YES;
				CLANG_WARN_STRICT_PROTOTYPES = YES;
				CLANG_WARN_SUSPICIOUS_MOVE = YES;
				CLANG_WARN_UNGUARDED_AVAILABILITY = YES_AGGRESSIVE;
				CLANG_WARN_UNREACHABLE_CODE = YES;
				CLANG_WARN__DUPLICATE_METHOD_MATCH = YES;
				CODE_SIGN_IDENTITY = "iPhone Developer";
				COPY_PHASE_STRIP = NO;
				DEBUG_INFORMATION_FORMAT = dwarf;
				ENABLE_STRICT_OBJC_MSGSEND = YES;
				ENABLE_TESTABILITY = YES;
				GCC_C_LANGUAGE_STANDARD = gnu11;
				GCC_DYNAMIC_NO_PIC = NO;
				GCC_NO_COMMON_BLOCKS = YES;
				GCC_OPTIMIZATION_LEVEL = 0;
				GCC_PREPROCESSOR_DEFINITIONS = (
					"DEBUG=1",
					"$(inherited)",
				);
				GCC_WARN_64_TO_32_BIT_CONVERSION = YES;
				GCC_WARN_ABOUT_RETURN_TYPE = YES_ERROR;
				GCC_WARN_UNDECLARED_SELECTOR = YES;
				GCC_WARN_UNINITIALIZED_AUTOS = YES_AGGRESSIVE;
				GCC_WARN_UNUSED_FUNCTION = YES;
				GCC_WARN_UNUSED_VARIABLE = YES;
				IPHONEOS_DEPLOYMENT_TARGET = 11.3;
				MTL_ENABLE_DEBUG_INFO = YES;
				ONLY_ACTIVE_ARCH = YES;
				SDKROOT = iphoneos;
				SWIFT_ACTIVE_COMPILATION_CONDITIONS = DEBUG;
				SWIFT_OPTIMIZATION_LEVEL = "-Onone";
			};
			name = Debug;
		};
		2DC65FE9209F0471007DD144 /* Release */ = {
			isa = XCBuildConfiguration;
			buildSettings = {
				ALWAYS_SEARCH_USER_PATHS = NO;
				CLANG_ANALYZER_NONNULL = YES;
				CLANG_ANALYZER_NUMBER_OBJECT_CONVERSION = YES_AGGRESSIVE;
				CLANG_CXX_LANGUAGE_STANDARD = "gnu++14";
				CLANG_CXX_LIBRARY = "libc++";
				CLANG_ENABLE_MODULES = YES;
				CLANG_ENABLE_OBJC_ARC = YES;
				CLANG_ENABLE_OBJC_WEAK = YES;
				CLANG_WARN_BLOCK_CAPTURE_AUTORELEASING = YES;
				CLANG_WARN_BOOL_CONVERSION = YES;
				CLANG_WARN_COMMA = YES;
				CLANG_WARN_CONSTANT_CONVERSION = YES;
				CLANG_WARN_DEPRECATED_OBJC_IMPLEMENTATIONS = YES;
				CLANG_WARN_DIRECT_OBJC_ISA_USAGE = YES_ERROR;
				CLANG_WARN_DOCUMENTATION_COMMENTS = YES;
				CLANG_WARN_EMPTY_BODY = YES;
				CLANG_WARN_ENUM_CONVERSION = YES;
				CLANG_WARN_INFINITE_RECURSION = YES;
				CLANG_WARN_INT_CONVERSION = YES;
				CLANG_WARN_NON_LITERAL_NULL_CONVERSION = YES;
				CLANG_WARN_OBJC_IMPLICIT_RETAIN_SELF = YES;
				CLANG_WARN_OBJC_LITERAL_CONVERSION = YES;
				CLANG_WARN_OBJC_ROOT_CLASS = YES_ERROR;
				CLANG_WARN_RANGE_LOOP_ANALYSIS = YES;
				CLANG_WARN_STRICT_PROTOTYPES = YES;
				CLANG_WARN_SUSPICIOUS_MOVE = YES;
				CLANG_WARN_UNGUARDED_AVAILABILITY = YES_AGGRESSIVE;
				CLANG_WARN_UNREACHABLE_CODE = YES;
				CLANG_WARN__DUPLICATE_METHOD_MATCH = YES;
				CODE_SIGN_IDENTITY = "iPhone Developer";
				COPY_PHASE_STRIP = NO;
				DEBUG_INFORMATION_FORMAT = "dwarf-with-dsym";
				ENABLE_NS_ASSERTIONS = NO;
				ENABLE_STRICT_OBJC_MSGSEND = YES;
				GCC_C_LANGUAGE_STANDARD = gnu11;
				GCC_NO_COMMON_BLOCKS = YES;
				GCC_WARN_64_TO_32_BIT_CONVERSION = YES;
				GCC_WARN_ABOUT_RETURN_TYPE = YES_ERROR;
				GCC_WARN_UNDECLARED_SELECTOR = YES;
				GCC_WARN_UNINITIALIZED_AUTOS = YES_AGGRESSIVE;
				GCC_WARN_UNUSED_FUNCTION = YES;
				GCC_WARN_UNUSED_VARIABLE = YES;
				IPHONEOS_DEPLOYMENT_TARGET = 11.3;
				MTL_ENABLE_DEBUG_INFO = NO;
				SDKROOT = iphoneos;
				SWIFT_COMPILATION_MODE = wholemodule;
				SWIFT_OPTIMIZATION_LEVEL = "-O";
				VALIDATE_PRODUCT = YES;
			};
			name = Release;
		};
		2DC65FEB209F0471007DD144 /* Debug */ = {
			isa = XCBuildConfiguration;
			buildSettings = {
				ASSETCATALOG_COMPILER_APPICON_NAME = AppIcon;
				CODE_SIGN_STYLE = Automatic;
				INFOPLIST_FILE = TMDBTest/Info.plist;
				LD_RUNPATH_SEARCH_PATHS = (
					"$(inherited)",
					"@executable_path/Frameworks",
				);
				PRODUCT_BUNDLE_IDENTIFIER = com.david.TMDBTest;
				PRODUCT_NAME = "$(TARGET_NAME)";
				SWIFT_VERSION = 4.0;
				TARGETED_DEVICE_FAMILY = "1,2";
			};
			name = Debug;
		};
		2DC65FEC209F0471007DD144 /* Release */ = {
			isa = XCBuildConfiguration;
			buildSettings = {
				ASSETCATALOG_COMPILER_APPICON_NAME = AppIcon;
				CODE_SIGN_STYLE = Automatic;
				INFOPLIST_FILE = TMDBTest/Info.plist;
				LD_RUNPATH_SEARCH_PATHS = (
					"$(inherited)",
					"@executable_path/Frameworks",
				);
				PRODUCT_BUNDLE_IDENTIFIER = com.david.TMDBTest;
				PRODUCT_NAME = "$(TARGET_NAME)";
				SWIFT_VERSION = 4.0;
				TARGETED_DEVICE_FAMILY = "1,2";
			};
			name = Release;
		};
/* End XCBuildConfiguration section */

/* Begin XCConfigurationList section */
		2DC65FD3209F046F007DD144 /* Build configuration list for PBXProject "TMDBTest" */ = {
			isa = XCConfigurationList;
			buildConfigurations = (
				2DC65FE8209F0471007DD144 /* Debug */,
				2DC65FE9209F0471007DD144 /* Release */,
			);
			defaultConfigurationIsVisible = 0;
			defaultConfigurationName = Release;
		};
		2DC65FEA209F0471007DD144 /* Build configuration list for PBXNativeTarget "TMDBTest" */ = {
			isa = XCConfigurationList;
			buildConfigurations = (
				2DC65FEB209F0471007DD144 /* Debug */,
				2DC65FEC209F0471007DD144 /* Release */,
			);
			defaultConfigurationIsVisible = 0;
			defaultConfigurationName = Release;
		};
/* End XCConfigurationList section */
	};
	rootObject = 2DC65FD0209F046F007DD144 /* Project object */;
}
